{
  "name": "figma-grid-calculator",
  "version": "1.0.0",
  "lockfileVersion": 2,
  "requires": true,
  "packages": {
    "": {
      "name": "figma-grid-calculator",
      "version": "1.0.0",
      "license": "ISC",
      "devDependencies": {
        "@figma/plugin-typings": "^1.97.0"
      }
    },
    "node_modules/@figma/plugin-typings": {
      "version": "1.97.0",
      "resolved": "https://registry.npmjs.org/@figma/plugin-typings/-/plugin-typings-1.97.0.tgz",
      "integrity": "sha512-AcmZey7TBbc43g2dO+9hjrcTbgb0UFY32do3to3rFU1OXb9hinsrmmbddyhD5105DHzRDac4oT7A5+VOow7p1Q==",
      "dev": true
    }
  },
  "dependencies": {
    "@figma/plugin-typings": {
      "version": "1.97.0",
      "resolved": "https://registry.npmjs.org/@figma/plugin-typings/-/plugin-typings-1.97.0.tgz",
      "integrity": "sha512-AcmZey7TBbc43g2dO+9hjrcTbgb0UFY32do3to3rFU1OXb9hinsrmmbddyhD5105DHzRDac4oT7A5+VOow7p1Q==",
      "dev": true
    }
  }
}
